
Microsoft Visual Studio Solution File, Format Version 12.00
# Visual Studio Version 17
VisualStudioVersion = 17.5.33414.496
MinimumVisualStudioVersion = 10.0.40219.1
Project("{FAE04EC0-301F-11D3-BF4B-00C04F79EFBC}") = "TRPGEditor", "TRPGEditor\TRPGEditor.csproj", "{DC68E74E-F743-421D-B54E-72E4A13898D5}"
EndProject
Global
	GlobalSection(SolutionConfigurationPlatforms) = preSolution
		Debug|Any CPU = Debug|Any CPU
		Release|Any CPU = Release|Any CPU
	EndGlobalSection
	GlobalSection(ProjectConfigurationPlatforms) = postSolution
		{DC68E74E-F743-421D-B54E-72E4A13898D5}.Debug|Any CPU.ActiveCfg = Debug|Any CPU
		{DC68E74E-F743-421D-B54E-72E4A13898D5}.Debug|Any CPU.Build.0 = Debug|Any CPU
		{DC68E74E-F743-421D-B54E-72E4A13898D5}.Release|Any CPU.ActiveCfg = Release|Any CPU
		{DC68E74E-F743-421D-B54E-72E4A13898D5}.Release|Any CPU.Build.0 = Release|Any CPU
	EndGlobalSection
	GlobalSection(SolutionProperties) = preSolution
		HideSolutionNode = FALSE
	EndGlobalSection
	GlobalSection(ExtensibilityGlobals) = postSolution
		SolutionGuid = {8BF8993B-4745-4B4A-BACC-764CD2B6C3D2}
	EndGlobalSection
EndGlobal
